
Microsoft Visual Studio Solution File, Format Version 12.00
# Visual Studio Version 16
VisualStudioVersion = 16.0.29926.136
MinimumVisualStudioVersion = 10.0.40219.1
Project("{FAE04EC0-301F-11D3-BF4B-00C04F79EFBC}") = "ScholarshipHubRestApi", "ScholarshipHubRestApi\ScholarshipHubRestApi.csproj", "{97605779-523A-4B11-9C3B-37E25E2242AB}"
EndProject
Global
	GlobalSection(SolutionConfigurationPlatforms) = preSolution
		Debug|Any CPU = Debug|Any CPU
		Release|Any CPU = Release|Any CPU
	EndGlobalSection
	GlobalSection(ProjectConfigurationPlatforms) = postSolution
		{97605779-523A-4B11-9C3B-37E25E2242AB}.Debug|Any CPU.ActiveCfg = Debug|Any CPU
		{97605779-523A-4B11-9C3B-37E25E2242AB}.Debug|Any CPU.Build.0 = Debug|Any CPU
		{97605779-523A-4B11-9C3B-37E25E2242AB}.Release|Any CPU.ActiveCfg = Release|Any CPU
		{97605779-523A-4B11-9C3B-37E25E2242AB}.Release|Any CPU.Build.0 = Release|Any CPU
	EndGlobalSection
	GlobalSection(SolutionProperties) = preSolution
		HideSolutionNode = FALSE
	EndGlobalSection
	GlobalSection(ExtensibilityGlobals) = postSolution
		SolutionGuid = {E4AB8896-67F8-4D46-B72A-D43D533BA477}
	EndGlobalSection
EndGlobal
